
Microsoft Visual Studio Solution File, Format Version 12.00
# Visual Studio 15
VisualStudioVersion = 15.0.27004.2005
MinimumVisualStudioVersion = 10.0.40219.1
Project("{FAE04EC0-301F-11D3-BF4B-00C04F79EFBC}") = "Web", "Web\Web.csproj", "{EF866B4A-E629-40FB-AF73-8F703EB9F800}"
EndProject
Project("{FAE04EC0-301F-11D3-BF4B-00C04F79EFBC}") = "WebAPI", "WebAPI\WebAPI.csproj", "{30C2AC87-89AC-47E3-8C55-733925C8010B}"
EndProject
Global
	GlobalSection(SolutionConfigurationPlatforms) = preSolution
		Debug|Any CPU = Debug|Any CPU
		Release|Any CPU = Release|Any CPU
	EndGlobalSection
	GlobalSection(ProjectConfigurationPlatforms) = postSolution
		{EF866B4A-E629-40FB-AF73-8F703EB9F800}.Debug|Any CPU.ActiveCfg = Debug|Any CPU
		{EF866B4A-E629-40FB-AF73-8F703EB9F800}.Debug|Any CPU.Build.0 = Debug|Any CPU
		{EF866B4A-E629-40FB-AF73-8F703EB9F800}.Release|Any CPU.ActiveCfg = Release|Any CPU
		{EF866B4A-E629-40FB-AF73-8F703EB9F800}.Release|Any CPU.Build.0 = Release|Any CPU
		{30C2AC87-89AC-47E3-8C55-733925C8010B}.Debug|Any CPU.ActiveCfg = Debug|Any CPU
		{30C2AC87-89AC-47E3-8C55-733925C8010B}.Debug|Any CPU.Build.0 = Debug|Any CPU
		{30C2AC87-89AC-47E3-8C55-733925C8010B}.Release|Any CPU.ActiveCfg = Release|Any CPU
		{30C2AC87-89AC-47E3-8C55-733925C8010B}.Release|Any CPU.Build.0 = Release|Any CPU
	EndGlobalSection
	GlobalSection(SolutionProperties) = preSolution
		HideSolutionNode = FALSE
	EndGlobalSection
	GlobalSection(ExtensibilityGlobals) = postSolution
		SolutionGuid = {3B0DEF54-FC08-4047-B59A-22D236628D0A}
	EndGlobalSection
EndGlobal
